// !$*UTF8*$!
{
	archiveVersion = 1;
	classes = {
	};
	objectVersion = 46;
	objects = {

/* Begin PBXBuildFile section */
		1C1B2364A9223755D15C8399 /* Pods_looped.framework in Frameworks */ = {isa = PBXBuildFile; fileRef = E47B52E88E2ABCB53907A7C3 /* Pods_looped.framework */; };
		2336E4AF1DB4964100FCBCD1 /* AppDelegate.swift in Sources */ = {isa = PBXBuildFile; fileRef = 2336E4AE1DB4964100FCBCD1 /* AppDelegate.swift */; };
		2336E4B41DB4964100FCBCD1 /* Main.storyboard in Resources */ = {isa = PBXBuildFile; fileRef = 2336E4B21DB4964100FCBCD1 /* Main.storyboard */; };
		2336E4B71DB4964100FCBCD1 /* looped.xcdatamodeld in Sources */ = {isa = PBXBuildFile; fileRef = 2336E4B51DB4964100FCBCD1 /* looped.xcdatamodeld */; };
		2336E4B91DB4964100FCBCD1 /* Assets.xcassets in Resources */ = {isa = PBXBuildFile; fileRef = 2336E4B81DB4964100FCBCD1 /* Assets.xcassets */; };
		2336E4BC1DB4964100FCBCD1 /* LaunchScreen.storyboard in Resources */ = {isa = PBXBuildFile; fileRef = 2336E4BA1DB4964100FCBCD1 /* LaunchScreen.storyboard */; };
		2336E4C71DB4964100FCBCD1 /* loopedTests.swift in Sources */ = {isa = PBXBuildFile; fileRef = 2336E4C61DB4964100FCBCD1 /* loopedTests.swift */; };
		2336E4D21DB4964100FCBCD1 /* loopedUITests.swift in Sources */ = {isa = PBXBuildFile; fileRef = 2336E4D11DB4964100FCBCD1 /* loopedUITests.swift */; };
		2336E4F01DB4B0A900FCBCD1 /* Localizable.strings in Resources */ = {isa = PBXBuildFile; fileRef = 2336E4F21DB4B0A900FCBCD1 /* Localizable.strings */; };
		2336E4F51DB4B48300FCBCD1 /* String.swift in Sources */ = {isa = PBXBuildFile; fileRef = 2336E4F41DB4B48300FCBCD1 /* String.swift */; };
		2336E4F91DB4D7CD00FCBCD1 /* DemoViewController.swift in Sources */ = {isa = PBXBuildFile; fileRef = 2336E4F81DB4D7CD00FCBCD1 /* DemoViewController.swift */; };
		84F3DCD776421ECF5761119C /* Pods_loopedTests.framework in Frameworks */ = {isa = PBXBuildFile; fileRef = 97486428AEE77FED86F9012E /* Pods_loopedTests.framework */; };
		DBF28926F3C626692E257FA2 /* Pods_loopedUITests.framework in Frameworks */ = {isa = PBXBuildFile; fileRef = 452B06D433977C03C73B94D1 /* Pods_loopedUITests.framework */; };
/* End PBXBuildFile section */

/* Begin PBXContainerItemProxy section */
		2336E4C31DB4964100FCBCD1 /* PBXContainerItemProxy */ = {
			isa = PBXContainerItemProxy;
			containerPortal = 2336E4A31DB4964000FCBCD1 /* Project object */;
			proxyType = 1;
			remoteGlobalIDString = 2336E4AA1DB4964100FCBCD1;
			remoteInfo = looped;
		};
		2336E4CE1DB4964100FCBCD1 /* PBXContainerItemProxy */ = {
			isa = PBXContainerItemProxy;
			containerPortal = 2336E4A31DB4964000FCBCD1 /* Project object */;
			proxyType = 1;
			remoteGlobalIDString = 2336E4AA1DB4964100FCBCD1;
			remoteInfo = looped;
		};
/* End PBXContainerItemProxy section */

/* Begin PBXFileReference section */
		18A05D01957B9F627EDA5171 /* Pods-loopedUITests.release.xcconfig */ = {isa = PBXFileReference; includeInIndex = 1; lastKnownFileType = text.xcconfig; name = "Pods-loopedUITests.release.xcconfig"; path = "Pods/Target Support Files/Pods-loopedUITests/Pods-loopedUITests.release.xcconfig"; sourceTree = "<group>"; };
		2336E4AB1DB4964100FCBCD1 /* looped.app */ = {isa = PBXFileReference; explicitFileType = wrapper.application; includeInIndex = 0; path = looped.app; sourceTree = BUILT_PRODUCTS_DIR; };
		2336E4AE1DB4964100FCBCD1 /* AppDelegate.swift */ = {isa = PBXFileReference; lastKnownFileType = sourcecode.swift; name = AppDelegate.swift; path = ../AppDelegate.swift; sourceTree = "<group>"; };
		2336E4B31DB4964100FCBCD1 /* Base */ = {isa = PBXFileReference; lastKnownFileType = file.storyboard; name = Base; path = Base.lproj/Main.storyboard; sourceTree = "<group>"; };
		2336E4B61DB4964100FCBCD1 /* looped.xcdatamodel */ = {isa = PBXFileReference; lastKnownFileType = wrapper.xcdatamodel; path = looped.xcdatamodel; sourceTree = "<group>"; };
		2336E4B81DB4964100FCBCD1 /* Assets.xcassets */ = {isa = PBXFileReference; lastKnownFileType = folder.assetcatalog; path = Assets.xcassets; sourceTree = "<group>"; };
		2336E4BB1DB4964100FCBCD1 /* Base */ = {isa = PBXFileReference; lastKnownFileType = file.storyboard; name = Base; path = Base.lproj/LaunchScreen.storyboard; sourceTree = "<group>"; };
		2336E4BD1DB4964100FCBCD1 /* Info.plist */ = {isa = PBXFileReference; lastKnownFileType = text.plist.xml; path = Info.plist; sourceTree = "<group>"; };
		2336E4C21DB4964100FCBCD1 /* loopedTests.xctest */ = {isa = PBXFileReference; explicitFileType = wrapper.cfbundle; includeInIndex = 0; path = loopedTests.xctest; sourceTree = BUILT_PRODUCTS_DIR; };
		2336E4C61DB4964100FCBCD1 /* loopedTests.swift */ = {isa = PBXFileReference; lastKnownFileType = sourcecode.swift; path = loopedTests.swift; sourceTree = "<group>"; };
		2336E4C81DB4964100FCBCD1 /* Info.plist */ = {isa = PBXFileReference; lastKnownFileType = text.plist.xml; path = Info.plist; sourceTree = "<group>"; };
		2336E4CD1DB4964100FCBCD1 /* loopedUITests.xctest */ = {isa = PBXFileReference; explicitFileType = wrapper.cfbundle; includeInIndex = 0; path = loopedUITests.xctest; sourceTree = BUILT_PRODUCTS_DIR; };
		2336E4D11DB4964100FCBCD1 /* loopedUITests.swift */ = {isa = PBXFileReference; lastKnownFileType = sourcecode.swift; path = loopedUITests.swift; sourceTree = "<group>"; };
		2336E4D31DB4964100FCBCD1 /* Info.plist */ = {isa = PBXFileReference; lastKnownFileType = text.plist.xml; path = Info.plist; sourceTree = "<group>"; };
		2336E4E51DB4A7A900FCBCD1 /* Gotham Rounded Bold.otf */ = {isa = PBXFileReference; lastKnownFileType = file; path = "Gotham Rounded Bold.otf"; sourceTree = "<group>"; };
		2336E4E61DB4A7A900FCBCD1 /* gotham-rounded-medium.otf */ = {isa = PBXFileReference; lastKnownFileType = file; path = "gotham-rounded-medium.otf"; sourceTree = "<group>"; };
		2336E4EC1DB4AFE500FCBCD1 /* ms-MY */ = {isa = PBXFileReference; lastKnownFileType = text.plist.strings; name = "ms-MY"; path = "ms-MY.lproj/LaunchScreen.strings"; sourceTree = "<group>"; };
		2336E4ED1DB4AFE500FCBCD1 /* ms-MY */ = {isa = PBXFileReference; lastKnownFileType = text.plist.strings; name = "ms-MY"; path = "ms-MY.lproj/Main.strings"; sourceTree = "<group>"; };
		2336E4F11DB4B0A900FCBCD1 /* en */ = {isa = PBXFileReference; lastKnownFileType = text.plist.strings; name = en; path = en.lproj/Localizable.strings; sourceTree = "<group>"; };
		2336E4F31DB4B0B500FCBCD1 /* ms-MY */ = {isa = PBXFileReference; lastKnownFileType = text.plist.strings; name = "ms-MY"; path = "ms-MY.lproj/Localizable.strings"; sourceTree = "<group>"; };
		2336E4F41DB4B48300FCBCD1 /* String.swift */ = {isa = PBXFileReference; fileEncoding = 4; lastKnownFileType = sourcecode.swift; path = String.swift; sourceTree = "<group>"; };
		2336E4F81DB4D7CD00FCBCD1 /* DemoViewController.swift */ = {isa = PBXFileReference; fileEncoding = 4; lastKnownFileType = sourcecode.swift; path = DemoViewController.swift; sourceTree = "<group>"; };
		452B06D433977C03C73B94D1 /* Pods_loopedUITests.framework */ = {isa = PBXFileReference; explicitFileType = wrapper.framework; includeInIndex = 0; path = Pods_loopedUITests.framework; sourceTree = BUILT_PRODUCTS_DIR; };
		4F395224C18F154B06BF0F2D /* Pods-looped.debug.xcconfig */ = {isa = PBXFileReference; includeInIndex = 1; lastKnownFileType = text.xcconfig; name = "Pods-looped.debug.xcconfig"; path = "Pods/Target Support Files/Pods-looped/Pods-looped.debug.xcconfig"; sourceTree = "<group>"; };
		59735DBD454FA6658D6474F8 /* Pods-loopedTests.release.xcconfig */ = {isa = PBXFileReference; includeInIndex = 1; lastKnownFileType = text.xcconfig; name = "Pods-loopedTests.release.xcconfig"; path = "Pods/Target Support Files/Pods-loopedTests/Pods-loopedTests.release.xcconfig"; sourceTree = "<group>"; };
		6477E3700490D536192EF970 /* Pods-looped.release.xcconfig */ = {isa = PBXFileReference; includeInIndex = 1; lastKnownFileType = text.xcconfig; name = "Pods-looped.release.xcconfig"; path = "Pods/Target Support Files/Pods-looped/Pods-looped.release.xcconfig"; sourceTree = "<group>"; };
		745BE198721F99EB1AB91D00 /* Pods-loopedUITests.debug.xcconfig */ = {isa = PBXFileReference; includeInIndex = 1; lastKnownFileType = text.xcconfig; name = "Pods-loopedUITests.debug.xcconfig"; path = "Pods/Target Support Files/Pods-loopedUITests/Pods-loopedUITests.debug.xcconfig"; sourceTree = "<group>"; };
		97486428AEE77FED86F9012E /* Pods_loopedTests.framework */ = {isa = PBXFileReference; explicitFileType = wrapper.framework; includeInIndex = 0; path = Pods_loopedTests.framework; sourceTree = BUILT_PRODUCTS_DIR; };
		E47B52E88E2ABCB53907A7C3 /* Pods_looped.framework */ = {isa = PBXFileReference; explicitFileType = wrapper.framework; includeInIndex = 0; path = Pods_looped.framework; sourceTree = BUILT_PRODUCTS_DIR; };
		FA997C5506CFA7608046C261 /* Pods-loopedTests.debug.xcconfig */ = {isa = PBXFileReference; includeInIndex = 1; lastKnownFileType = text.xcconfig; name = "Pods-loopedTests.debug.xcconfig"; path = "Pods/Target Support Files/Pods-loopedTests/Pods-loopedTests.debug.xcconfig"; sourceTree = "<group>"; };
/* End PBXFileReference section */

/* Begin PBXFrameworksBuildPhase section */
		2336E4A81DB4964100FCBCD1 /* Frameworks */ = {
			isa = PBXFrameworksBuildPhase;
			buildActionMask = 2147483647;
			files = (
				1C1B2364A9223755D15C8399 /* Pods_looped.framework in Frameworks */,
			);
			runOnlyForDeploymentPostprocessing = 0;
		};
		2336E4BF1DB4964100FCBCD1 /* Frameworks */ = {
			isa = PBXFrameworksBuildPhase;
			buildActionMask = 2147483647;
			files = (
				84F3DCD776421ECF5761119C /* Pods_loopedTests.framework in Frameworks */,
			);
			runOnlyForDeploymentPostprocessing = 0;
		};
		2336E4CA1DB4964100FCBCD1 /* Frameworks */ = {
			isa = PBXFrameworksBuildPhase;
			buildActionMask = 2147483647;
			files = (
				DBF28926F3C626692E257FA2 /* Pods_loopedUITests.framework in Frameworks */,
			);
			runOnlyForDeploymentPostprocessing = 0;
		};
/* End PBXFrameworksBuildPhase section */

/* Begin PBXGroup section */
		0981314B822D2FB6D3A1F397 /* Pods */ = {
			isa = PBXGroup;
			children = (
				4F395224C18F154B06BF0F2D /* Pods-looped.debug.xcconfig */,
				6477E3700490D536192EF970 /* Pods-looped.release.xcconfig */,
				FA997C5506CFA7608046C261 /* Pods-loopedTests.debug.xcconfig */,
				59735DBD454FA6658D6474F8 /* Pods-loopedTests.release.xcconfig */,
				745BE198721F99EB1AB91D00 /* Pods-loopedUITests.debug.xcconfig */,
				18A05D01957B9F627EDA5171 /* Pods-loopedUITests.release.xcconfig */,
			);
			name = Pods;
			sourceTree = "<group>";
		};
		2336E4A21DB4964000FCBCD1 = {
			isa = PBXGroup;
			children = (
				2336E4AD1DB4964100FCBCD1 /* looped */,
				2336E4E41DB4A79500FCBCD1 /* Fonts */,
				2336E4C51DB4964100FCBCD1 /* loopedTests */,
				2336E4D01DB4964100FCBCD1 /* loopedUITests */,
				2336E4AC1DB4964100FCBCD1 /* Products */,
				0981314B822D2FB6D3A1F397 /* Pods */,
				F6AD2D8AC36054A992744E69 /* Frameworks */,
			);
			sourceTree = "<group>";
		};
		2336E4AC1DB4964100FCBCD1 /* Products */ = {
			isa = PBXGroup;
			children = (
				2336E4AB1DB4964100FCBCD1 /* looped.app */,
				2336E4C21DB4964100FCBCD1 /* loopedTests.xctest */,
				2336E4CD1DB4964100FCBCD1 /* loopedUITests.xctest */,
			);
			name = Products;
			sourceTree = "<group>";
		};
		2336E4AD1DB4964100FCBCD1 /* looped */ = {
			isa = PBXGroup;
			children = (
				23F99DB21DB4FC4B00A8715C /* Appdelegate */,
				2336E4E11DB496A400FCBCD1 /* Model */,
				2336E4E21DB496AD00FCBCD1 /* Views */,
				2336E4E31DB496BC00FCBCD1 /* Controllers */,
				2336E4B81DB4964100FCBCD1 /* Assets.xcassets */,
				2336E4B21DB4964100FCBCD1 /* Main.storyboard */,
				2336E4B51DB4964100FCBCD1 /* looped.xcdatamodeld */,
				2336E4BD1DB4964100FCBCD1 /* Info.plist */,
				2336E4BA1DB4964100FCBCD1 /* LaunchScreen.storyboard */,
				2336E4F21DB4B0A900FCBCD1 /* Localizable.strings */,
				2336E4F41DB4B48300FCBCD1 /* String.swift */,
			);
			path = looped;
			sourceTree = "<group>";
		};
		2336E4C51DB4964100FCBCD1 /* loopedTests */ = {
			isa = PBXGroup;
			children = (
				2336E4C61DB4964100FCBCD1 /* loopedTests.swift */,
				2336E4C81DB4964100FCBCD1 /* Info.plist */,
			);
			path = loopedTests;
			sourceTree = "<group>";
		};
		2336E4D01DB4964100FCBCD1 /* loopedUITests */ = {
			isa = PBXGroup;
			children = (
				2336E4D11DB4964100FCBCD1 /* loopedUITests.swift */,
				2336E4D31DB4964100FCBCD1 /* Info.plist */,
			);
			path = loopedUITests;
			sourceTree = "<group>";
		};
		2336E4E11DB496A400FCBCD1 /* Model */ = {
			isa = PBXGroup;
			children = (
			);
			path = Model;
			sourceTree = "<group>";
		};
		2336E4E21DB496AD00FCBCD1 /* Views */ = {
			isa = PBXGroup;
			children = (
			);
			name = Views;
			path = Model/Views;
			sourceTree = "<group>";
		};
		2336E4E31DB496BC00FCBCD1 /* Controllers */ = {
			isa = PBXGroup;
			children = (
				2336E4F81DB4D7CD00FCBCD1 /* DemoViewController.swift */,
			);
			path = Controllers;
			sourceTree = "<group>";
		};
		2336E4E41DB4A79500FCBCD1 /* Fonts */ = {
			isa = PBXGroup;
			children = (
				2336E4E51DB4A7A900FCBCD1 /* Gotham Rounded Bold.otf */,
				2336E4E61DB4A7A900FCBCD1 /* gotham-rounded-medium.otf */,
			);
			path = Fonts;
			sourceTree = "<group>";
		};
		23F99DB21DB4FC4B00A8715C /* Appdelegate */ = {
			isa = PBXGroup;
			children = (
				2336E4AE1DB4964100FCBCD1 /* AppDelegate.swift */,
			);
			path = Appdelegate;
			sourceTree = "<group>";
		};
		F6AD2D8AC36054A992744E69 /* Frameworks */ = {
			isa = PBXGroup;
			children = (
				E47B52E88E2ABCB53907A7C3 /* Pods_looped.framework */,
				97486428AEE77FED86F9012E /* Pods_loopedTests.framework */,
				452B06D433977C03C73B94D1 /* Pods_loopedUITests.framework */,
			);
			name = Frameworks;
			sourceTree = "<group>";
		};
/* End PBXGroup section */

/* Begin PBXNativeTarget section */
		2336E4AA1DB4964100FCBCD1 /* looped */ = {
			isa = PBXNativeTarget;
			buildConfigurationList = 2336E4D61DB4964100FCBCD1 /* Build configuration list for PBXNativeTarget "looped" */;
			buildPhases = (
				0EB4397A1D31D004AE152806 /* 📦 Check Pods Manifest.lock */,
				2336E4A71DB4964100FCBCD1 /* Sources */,
				2336E4A81DB4964100FCBCD1 /* Frameworks */,
				2336E4A91DB4964100FCBCD1 /* Resources */,
				E0A4E7CFE3EE120915178214 /* 📦 Embed Pods Frameworks */,
				B444CC3BA5DE521666AD2973 /* 📦 Copy Pods Resources */,
			);
			buildRules = (
			);
			dependencies = (
			);
			name = looped;
			productName = looped;
			productReference = 2336E4AB1DB4964100FCBCD1 /* looped.app */;
			productType = "com.apple.product-type.application";
		};
		2336E4C11DB4964100FCBCD1 /* loopedTests */ = {
			isa = PBXNativeTarget;
			buildConfigurationList = 2336E4D91DB4964100FCBCD1 /* Build configuration list for PBXNativeTarget "loopedTests" */;
			buildPhases = (
				464D9B88C73A436B24C53F6F /* 📦 Check Pods Manifest.lock */,
				2336E4BE1DB4964100FCBCD1 /* Sources */,
				2336E4BF1DB4964100FCBCD1 /* Frameworks */,
				2336E4C01DB4964100FCBCD1 /* Resources */,
				B33BF0E53F26A7BD0A8219C4 /* 📦 Embed Pods Frameworks */,
				7991D5ABB2EFD4A2C992816B /* 📦 Copy Pods Resources */,
			);
			buildRules = (
			);
			dependencies = (
				2336E4C41DB4964100FCBCD1 /* PBXTargetDependency */,
			);
			name = loopedTests;
			productName = loopedTests;
			productReference = 2336E4C21DB4964100FCBCD1 /* loopedTests.xctest */;
			productType = "com.apple.product-type.bundle.unit-test";
		};
		2336E4CC1DB4964100FCBCD1 /* loopedUITests */ = {
			isa = PBXNativeTarget;
			buildConfigurationList = 2336E4DC1DB4964100FCBCD1 /* Build configuration list for PBXNativeTarget "loopedUITests" */;
			buildPhases = (
				40772ECB0C8B569CD9958CDB /* 📦 Check Pods Manifest.lock */,
				2336E4C91DB4964100FCBCD1 /* Sources */,
				2336E4CA1DB4964100FCBCD1 /* Frameworks */,
				2336E4CB1DB4964100FCBCD1 /* Resources */,
				FF145B287725C316CF98FAE9 /* 📦 Copy Pods Resources */,
			);
			buildRules = (
			);
			dependencies = (
				2336E4CF1DB4964100FCBCD1 /* PBXTargetDependency */,
			);
			name = loopedUITests;
			productName = loopedUITests;
			productReference = 2336E4CD1DB4964100FCBCD1 /* loopedUITests.xctest */;
			productType = "com.apple.product-type.bundle.ui-testing";
		};
/* End PBXNativeTarget section */

/* Begin PBXProject section */
		2336E4A31DB4964000FCBCD1 /* Project object */ = {
			isa = PBXProject;
			attributes = {
				LastSwiftUpdateCheck = 0800;
				LastUpgradeCheck = 0800;
				ORGANIZATIONNAME = "Divya Khanna";
				TargetAttributes = {
					2336E4AA1DB4964100FCBCD1 = {
						CreatedOnToolsVersion = 8.0;
						DevelopmentTeam = HP5HATHJEV;
						ProvisioningStyle = Automatic;
					};
					2336E4C11DB4964100FCBCD1 = {
						CreatedOnToolsVersion = 8.0;
						ProvisioningStyle = Automatic;
						TestTargetID = 2336E4AA1DB4964100FCBCD1;
					};
					2336E4CC1DB4964100FCBCD1 = {
						CreatedOnToolsVersion = 8.0;
						ProvisioningStyle = Automatic;
						TestTargetID = 2336E4AA1DB4964100FCBCD1;
					};
				};
			};
			buildConfigurationList = 2336E4A61DB4964000FCBCD1 /* Build configuration list for PBXProject "looped" */;
			compatibilityVersion = "Xcode 3.2";
			developmentRegion = English;
			hasScannedForEncodings = 0;
			knownRegions = (
				en,
				Base,
				"ms-MY",
			);
			mainGroup = 2336E4A21DB4964000FCBCD1;
			productRefGroup = 2336E4AC1DB4964100FCBCD1 /* Products */;
			projectDirPath = "";
			projectRoot = "";
			targets = (
				2336E4AA1DB4964100FCBCD1 /* looped */,
				2336E4C11DB4964100FCBCD1 /* loopedTests */,
				2336E4CC1DB4964100FCBCD1 /* loopedUITests */,
			);
		};
/* End PBXProject section */

/* Begin PBXResourcesBuildPhase section */
		2336E4A91DB4964100FCBCD1 /* Resources */ = {
			isa = PBXResourcesBuildPhase;
			buildActionMask = 2147483647;
			files = (
				2336E4BC1DB4964100FCBCD1 /* LaunchScreen.storyboard in Resources */,
				2336E4F01DB4B0A900FCBCD1 /* Localizable.strings in Resources */,
				2336E4B91DB4964100FCBCD1 /* Assets.xcassets in Resources */,
				2336E4B41DB4964100FCBCD1 /* Main.storyboard in Resources */,
			);
			runOnlyForDeploymentPostprocessing = 0;
		};
		2336E4C01DB4964100FCBCD1 /* Resources */ = {
			isa = PBXResourcesBuildPhase;
			buildActionMask = 2147483647;
			files = (
			);
			runOnlyForDeploymentPostprocessing = 0;
		};
		2336E4CB1DB4964100FCBCD1 /* Resources */ = {
			isa = PBXResourcesBuildPhase;
			buildActionMask = 2147483647;
			files = (
			);
			runOnlyForDeploymentPostprocessing = 0;
		};
/* End PBXResourcesBuildPhase section */

/* Begin PBXShellScriptBuildPhase section */
		0EB4397A1D31D004AE152806 /* 📦 Check Pods Manifest.lock */ = {
			isa = PBXShellScriptBuildPhase;
			buildActionMask = 2147483647;
			files = (
			);
			inputPaths = (
			);
			name = "📦 Check Pods Manifest.lock";
			outputPaths = (
			);
			runOnlyForDeploymentPostprocessing = 0;
			shellPath = /bin/sh;
			shellScript = "diff \"${PODS_ROOT}/../Podfile.lock\" \"${PODS_ROOT}/Manifest.lock\" > /dev/null\nif [[ $? != 0 ]] ; then\n    cat << EOM\nerror: The sandbox is not in sync with the Podfile.lock. Run 'pod install' or update your CocoaPods installation.\nEOM\n    exit 1\nfi\n";
			showEnvVarsInLog = 0;
		};
		40772ECB0C8B569CD9958CDB /* 📦 Check Pods Manifest.lock */ = {
			isa = PBXShellScriptBuildPhase;
			buildActionMask = 2147483647;
			files = (
			);
			inputPaths = (
			);
			name = "📦 Check Pods Manifest.lock";
			outputPaths = (
			);
			runOnlyForDeploymentPostprocessing = 0;
			shellPath = /bin/sh;
			shellScript = "diff \"${PODS_ROOT}/../Podfile.lock\" \"${PODS_ROOT}/Manifest.lock\" > /dev/null\nif [[ $? != 0 ]] ; then\n    cat << EOM\nerror: The sandbox is not in sync with the Podfile.lock. Run 'pod install' or update your CocoaPods installation.\nEOM\n    exit 1\nfi\n";
			showEnvVarsInLog = 0;
		};
		464D9B88C73A436B24C53F6F /* 📦 Check Pods Manifest.lock */ = {
			isa = PBXShellScriptBuildPhase;
			buildActionMask = 2147483647;
			files = (
			);
			inputPaths = (
			);
			name = "📦 Check Pods Manifest.lock";
			outputPaths = (
			);
			runOnlyForDeploymentPostprocessing = 0;
			shellPath = /bin/sh;
			shellScript = "diff \"${PODS_ROOT}/../Podfile.lock\" \"${PODS_ROOT}/Manifest.lock\" > /dev/null\nif [[ $? != 0 ]] ; then\n    cat << EOM\nerror: The sandbox is not in sync with the Podfile.lock. Run 'pod install' or update your CocoaPods installation.\nEOM\n    exit 1\nfi\n";
			showEnvVarsInLog = 0;
		};
		7991D5ABB2EFD4A2C992816B /* 📦 Copy Pods Resources */ = {
			isa = PBXShellScriptBuildPhase;
			buildActionMask = 2147483647;
			files = (
			);
			inputPaths = (
			);
			name = "📦 Copy Pods Resources";
			outputPaths = (
			);
			runOnlyForDeploymentPostprocessing = 0;
			shellPath = /bin/sh;
			shellScript = "\"${SRCROOT}/Pods/Target Support Files/Pods-loopedTests/Pods-loopedTests-resources.sh\"\n";
			showEnvVarsInLog = 0;
		};
		B33BF0E53F26A7BD0A8219C4 /* 📦 Embed Pods Frameworks */ = {
			isa = PBXShellScriptBuildPhase;
			buildActionMask = 2147483647;
			files = (
			);
			inputPaths = (
			);
			name = "📦 Embed Pods Frameworks";
			outputPaths = (
			);
			runOnlyForDeploymentPostprocessing = 0;
			shellPath = /bin/sh;
			shellScript = "\"${SRCROOT}/Pods/Target Support Files/Pods-loopedTests/Pods-loopedTests-frameworks.sh\"\n";
			showEnvVarsInLog = 0;
		};
		B444CC3BA5DE521666AD2973 /* 📦 Copy Pods Resources */ = {
			isa = PBXShellScriptBuildPhase;
			buildActionMask = 2147483647;
			files = (
			);
			inputPaths = (
			);
			name = "📦 Copy Pods Resources";
			outputPaths = (
			);
			runOnlyForDeploymentPostprocessing = 0;
			shellPath = /bin/sh;
			shellScript = "\"${SRCROOT}/Pods/Target Support Files/Pods-looped/Pods-looped-resources.sh\"\n";
			showEnvVarsInLog = 0;
		};
		E0A4E7CFE3EE120915178214 /* 📦 Embed Pods Frameworks */ = {
			isa = PBXShellScriptBuildPhase;
			buildActionMask = 2147483647;
			files = (
			);
			inputPaths = (
			);
			name = "📦 Embed Pods Frameworks";
			outputPaths = (
			);
			runOnlyForDeploymentPostprocessing = 0;
			shellPath = /bin/sh;
			shellScript = "\"${SRCROOT}/Pods/Target Support Files/Pods-looped/Pods-looped-frameworks.sh\"\n";
			showEnvVarsInLog = 0;
		};
		FF145B287725C316CF98FAE9 /* 📦 Copy Pods Resources */ = {
			isa = PBXShellScriptBuildPhase;
			buildActionMask = 2147483647;
			files = (
			);
			inputPaths = (
			);
			name = "📦 Copy Pods Resources";
			outputPaths = (
			);
			runOnlyForDeploymentPostprocessing = 0;
			shellPath = /bin/sh;
			shellScript = "\"${SRCROOT}/Pods/Target Support Files/Pods-loopedUITests/Pods-loopedUITests-resources.sh\"\n";
			showEnvVarsInLog = 0;
		};
/* End PBXShellScriptBuildPhase section */

/* Begin PBXSourcesBuildPhase section */
		2336E4A71DB4964100FCBCD1 /* Sources */ = {
			isa = PBXSourcesBuildPhase;
			buildActionMask = 2147483647;
			files = (
				2336E4F51DB4B48300FCBCD1 /* String.swift in Sources */,
				2336E4B71DB4964100FCBCD1 /* looped.xcdatamodeld in Sources */,
				2336E4F91DB4D7CD00FCBCD1 /* DemoViewController.swift in Sources */,
				2336E4AF1DB4964100FCBCD1 /* AppDelegate.swift in Sources */,
			);
			runOnlyForDeploymentPostprocessing = 0;
		};
		2336E4BE1DB4964100FCBCD1 /* Sources */ = {
			isa = PBXSourcesBuildPhase;
			buildActionMask = 2147483647;
			files = (
				2336E4C71DB4964100FCBCD1 /* loopedTests.swift in Sources */,
			);
			runOnlyForDeploymentPostprocessing = 0;
		};
		2336E4C91DB4964100FCBCD1 /* Sources */ = {
			isa = PBXSourcesBuildPhase;
			buildActionMask = 2147483647;
			files = (
				2336E4D21DB4964100FCBCD1 /* loopedUITests.swift in Sources */,
			);
			runOnlyForDeploymentPostprocessing = 0;
		};
/* End PBXSourcesBuildPhase section */

/* Begin PBXTargetDependency section */
		2336E4C41DB4964100FCBCD1 /* PBXTargetDependency */ = {
			isa = PBXTargetDependency;
			target = 2336E4AA1DB4964100FCBCD1 /* looped */;
			targetProxy = 2336E4C31DB4964100FCBCD1 /* PBXContainerItemProxy */;
		};
		2336E4CF1DB4964100FCBCD1 /* PBXTargetDependency */ = {
			isa = PBXTargetDependency;
			target = 2336E4AA1DB4964100FCBCD1 /* looped */;
			targetProxy = 2336E4CE1DB4964100FCBCD1 /* PBXContainerItemProxy */;
		};
/* End PBXTargetDependency section */

/* Begin PBXVariantGroup section */
		2336E4B21DB4964100FCBCD1 /* Main.storyboard */ = {
			isa = PBXVariantGroup;
			children = (
				2336E4B31DB4964100FCBCD1 /* Base */,
				2336E4ED1DB4AFE500FCBCD1 /* ms-MY */,
			);
			name = Main.storyboard;
			sourceTree = "<group>";
		};
		2336E4BA1DB4964100FCBCD1 /* LaunchScreen.storyboard */ = {
			isa = PBXVariantGroup;
			children = (
				2336E4BB1DB4964100FCBCD1 /* Base */,
				2336E4EC1DB4AFE500FCBCD1 /* ms-MY */,
			);
			name = LaunchScreen.storyboard;
			sourceTree = "<group>";
		};
		2336E4F21DB4B0A900FCBCD1 /* Localizable.strings */ = {
			isa = PBXVariantGroup;
			children = (
				2336E4F11DB4B0A900FCBCD1 /* en */,
				2336E4F31DB4B0B500FCBCD1 /* ms-MY */,
			);
			name = Localizable.strings;
			sourceTree = "<group>";
		};
/* End PBXVariantGroup section */

/* Begin XCBuildConfiguration section */
		2336E4D41DB4964100FCBCD1 /* Debug */ = {
			isa = XCBuildConfiguration;
			buildSettings = {
				ALWAYS_SEARCH_USER_PATHS = NO;
				CLANG_ANALYZER_LOCALIZABILITY_NONLOCALIZED = YES;
				CLANG_ANALYZER_NONNULL = YES;
				CLANG_CXX_LANGUAGE_STANDARD = "gnu++0x";
				CLANG_CXX_LIBRARY = "libc++";
				CLANG_ENABLE_MODULES = YES;
				CLANG_ENABLE_OBJC_ARC = YES;
				CLANG_WARN_BOOL_CONVERSION = YES;
				CLANG_WARN_CONSTANT_CONVERSION = YES;
				CLANG_WARN_DIRECT_OBJC_ISA_USAGE = YES_ERROR;
				CLANG_WARN_DOCUMENTATION_COMMENTS = YES;
				CLANG_WARN_EMPTY_BODY = YES;
				CLANG_WARN_ENUM_CONVERSION = YES;
				CLANG_WARN_INFINITE_RECURSION = YES;
				CLANG_WARN_INT_CONVERSION = YES;
				CLANG_WARN_OBJC_ROOT_CLASS = YES_ERROR;
				CLANG_WARN_SUSPICIOUS_MOVES = YES;
				CLANG_WARN_UNREACHABLE_CODE = YES;
				CLANG_WARN__DUPLICATE_METHOD_MATCH = YES;
				CODE_SIGN_IDENTITY = "iPhone Developer: adib rahimi (H3773Q2449)";
				"CODE_SIGN_IDENTITY[sdk=iphoneos*]" = "iPhone Developer: adib rahimi (H3773Q2449)";
				COPY_PHASE_STRIP = NO;
				DEBUG_INFORMATION_FORMAT = dwarf;
				ENABLE_STRICT_OBJC_MSGSEND = YES;
				ENABLE_TESTABILITY = YES;
				GCC_C_LANGUAGE_STANDARD = gnu99;
				GCC_DYNAMIC_NO_PIC = NO;
				GCC_NO_COMMON_BLOCKS = YES;
				GCC_OPTIMIZATION_LEVEL = 0;
				GCC_PREPROCESSOR_DEFINITIONS = (
					"DEBUG=1",
					"$(inherited)",
				);
				GCC_WARN_64_TO_32_BIT_CONVERSION = YES;
				GCC_WARN_ABOUT_RETURN_TYPE = YES_ERROR;
				GCC_WARN_UNDECLARED_SELECTOR = YES;
				GCC_WARN_UNINITIALIZED_AUTOS = YES_AGGRESSIVE;
				GCC_WARN_UNUSED_FUNCTION = YES;
				GCC_WARN_UNUSED_VARIABLE = YES;
				IPHONEOS_DEPLOYMENT_TARGET = 8.3;
				MTL_ENABLE_DEBUG_INFO = YES;
				ONLY_ACTIVE_ARCH = YES;
				SDKROOT = iphoneos;
				SWIFT_ACTIVE_COMPILATION_CONDITIONS = DEBUG;
				SWIFT_OPTIMIZATION_LEVEL = "-Onone";
				TARGETED_DEVICE_FAMILY = "1,2";
			};
			name = Debug;
		};
		2336E4D51DB4964100FCBCD1 /* Release */ = {
			isa = XCBuildConfiguration;
			buildSettings = {
				ALWAYS_SEARCH_USER_PATHS = NO;
				CLANG_ANALYZER_LOCALIZABILITY_NONLOCALIZED = YES;
				CLANG_ANALYZER_NONNULL = YES;
				CLANG_CXX_LANGUAGE_STANDARD = "gnu++0x";
				CLANG_CXX_LIBRARY = "libc++";
				CLANG_ENABLE_MODULES = YES;
				CLANG_ENABLE_OBJC_ARC = YES;
				CLANG_WARN_BOOL_CONVERSION = YES;
				CLANG_WARN_CONSTANT_CONVERSION = YES;
				CLANG_WARN_DIRECT_OBJC_ISA_USAGE = YES_ERROR;
				CLANG_WARN_DOCUMENTATION_COMMENTS = YES;
				CLANG_WARN_EMPTY_BODY = YES;
				CLANG_WARN_ENUM_CONVERSION = YES;
				CLANG_WARN_INFINITE_RECURSION = YES;
				CLANG_WARN_INT_CONVERSION = YES;
				CLANG_WARN_OBJC_ROOT_CLASS = YES_ERROR;
				CLANG_WARN_SUSPICIOUS_MOVES = YES;
				CLANG_WARN_UNREACHABLE_CODE = YES;
				CLANG_WARN__DUPLICATE_METHOD_MATCH = YES;
				CODE_SIGN_IDENTITY = "iPhone Developer: adib rahimi (H3773Q2449)";
				"CODE_SIGN_IDENTITY[sdk=iphoneos*]" = "iPhone Developer: adib rahimi (H3773Q2449)";
				COPY_PHASE_STRIP = NO;
				DEBUG_INFORMATION_FORMAT = "dwarf-with-dsym";
				ENABLE_NS_ASSERTIONS = NO;
				ENABLE_STRICT_OBJC_MSGSEND = YES;
				GCC_C_LANGUAGE_STANDARD = gnu99;
				GCC_NO_COMMON_BLOCKS = YES;
				GCC_WARN_64_TO_32_BIT_CONVERSION = YES;
				GCC_WARN_ABOUT_RETURN_TYPE = YES_ERROR;
				GCC_WARN_UNDECLARED_SELECTOR = YES;
				GCC_WARN_UNINITIALIZED_AUTOS = YES_AGGRESSIVE;
				GCC_WARN_UNUSED_FUNCTION = YES;
				GCC_WARN_UNUSED_VARIABLE = YES;
				IPHONEOS_DEPLOYMENT_TARGET = 8.3;
				MTL_ENABLE_DEBUG_INFO = NO;
				SDKROOT = iphoneos;
				SWIFT_OPTIMIZATION_LEVEL = "-Owholemodule";
				TARGETED_DEVICE_FAMILY = "1,2";
				VALIDATE_PRODUCT = YES;
			};
			name = Release;
		};
		2336E4D71DB4964100FCBCD1 /* Debug */ = {
			isa = XCBuildConfiguration;
			baseConfigurationReference = 4F395224C18F154B06BF0F2D /* Pods-looped.debug.xcconfig */;
			buildSettings = {
				ASSETCATALOG_COMPILER_APPICON_NAME = AppIcon;
				CODE_SIGN_IDENTITY = "iPhone Developer";
				"CODE_SIGN_IDENTITY[sdk=iphoneos*]" = "iPhone Developer";
				DEVELOPMENT_TEAM = HP5HATHJEV;
				INFOPLIST_FILE = looped/Info.plist;
				IPHONEOS_DEPLOYMENT_TARGET = 8.0;
				LD_RUNPATH_SEARCH_PATHS = "$(inherited) @executable_path/Frameworks";
				PRODUCT_BUNDLE_IDENTIFIER = com.TrigmaDigital.TennisTaxi;
				PRODUCT_NAME = "$(TARGET_NAME)";
				SWIFT_VERSION = 3.0;
			};
			name = Debug;
		};
		2336E4D81DB4964100FCBCD1 /* Release */ = {
			isa = XCBuildConfiguration;
			baseConfigurationReference = 6477E3700490D536192EF970 /* Pods-looped.release.xcconfig */;
			buildSettings = {
				ASSETCATALOG_COMPILER_APPICON_NAME = AppIcon;
				CODE_SIGN_IDENTITY = "iPhone Developer";
				"CODE_SIGN_IDENTITY[sdk=iphoneos*]" = "iPhone Developer";
				DEVELOPMENT_TEAM = HP5HATHJEV;
				INFOPLIST_FILE = looped/Info.plist;
				IPHONEOS_DEPLOYMENT_TARGET = 8.0;
				LD_RUNPATH_SEARCH_PATHS = "$(inherited) @executable_path/Frameworks";
				PRODUCT_BUNDLE_IDENTIFIER = com.TrigmaDigital.TennisTaxi;
				PRODUCT_NAME = "$(TARGET_NAME)";
				SWIFT_VERSION = 3.0;
			};
			name = Release;
		};
		2336E4DA1DB4964100FCBCD1 /* Debug */ = {
			isa = XCBuildConfiguration;
			baseConfigurationReference = FA997C5506CFA7608046C261 /* Pods-loopedTests.debug.xcconfig */;
			buildSettings = {
				ALWAYS_EMBED_SWIFT_STANDARD_LIBRARIES = YES;
				BUNDLE_LOADER = "$(TEST_HOST)";
				CODE_SIGN_IDENTITY = "iPhone Developer";
				"CODE_SIGN_IDENTITY[sdk=iphoneos*]" = "iPhone Developer";
				INFOPLIST_FILE = loopedTests/Info.plist;
				LD_RUNPATH_SEARCH_PATHS = "$(inherited) @executable_path/Frameworks @loader_path/Frameworks";
				PRODUCT_BUNDLE_IDENTIFIER = com.trigma.loopedTests;
				PRODUCT_NAME = "$(TARGET_NAME)";
				SWIFT_VERSION = 3.0;
				TEST_HOST = "$(BUILT_PRODUCTS_DIR)/looped.app/looped";
			};
			name = Debug;
		};
		2336E4DB1DB4964100FCBCD1 /* Release */ = {
			isa = XCBuildConfiguration;
			baseConfigurationReference = 59735DBD454FA6658D6474F8 /* Pods-loopedTests.release.xcconfig */;
			buildSettings = {
				ALWAYS_EMBED_SWIFT_STANDARD_LIBRARIES = YES;
				BUNDLE_LOADER = "$(TEST_HOST)";
				CODE_SIGN_IDENTITY = "iPhone Developer";
				"CODE_SIGN_IDENTITY[sdk=iphoneos*]" = "iPhone Developer";
				INFOPLIST_FILE = loopedTests/Info.plist;
				LD_RUNPATH_SEARCH_PATHS = "$(inherited) @executable_path/Frameworks @loader_path/Frameworks";
				PRODUCT_BUNDLE_IDENTIFIER = com.trigma.loopedTests;
				PRODUCT_NAME = "$(TARGET_NAME)";
				SWIFT_VERSION = 3.0;
				TEST_HOST = "$(BUILT_PRODUCTS_DIR)/looped.app/looped";
			};
			name = Release;
		};
		2336E4DD1DB4964100FCBCD1 /* Debug */ = {
			isa = XCBuildConfiguration;
			baseConfigurationReference = 745BE198721F99EB1AB91D00 /* Pods-loopedUITests.debug.xcconfig */;
			buildSettings = {
				ALWAYS_EMBED_SWIFT_STANDARD_LIBRARIES = YES;
				CODE_SIGN_IDENTITY = "iPhone Developer";
				"CODE_SIGN_IDENTITY[sdk=iphoneos*]" = "iPhone Developer";
				INFOPLIST_FILE = loopedUITests/Info.plist;
				LD_RUNPATH_SEARCH_PATHS = "$(inherited) @executable_path/Frameworks @loader_path/Frameworks";
				PRODUCT_BUNDLE_IDENTIFIER = com.trigma.loopedUITests;
				PRODUCT_NAME = "$(TARGET_NAME)";
				SWIFT_VERSION = 3.0;
				TEST_TARGET_NAME = looped;
			};
			name = Debug;
		};
		2336E4DE1DB4964100FCBCD1 /* Release */ = {
			isa = XCBuildConfiguration;
			baseConfigurationReference = 18A05D01957B9F627EDA5171 /* Pods-loopedUITests.release.xcconfig */;
			buildSettings = {
				ALWAYS_EMBED_SWIFT_STANDARD_LIBRARIES = YES;
				CODE_SIGN_IDENTITY = "iPhone Developer";
				"CODE_SIGN_IDENTITY[sdk=iphoneos*]" = "iPhone Developer";
				INFOPLIST_FILE = loopedUITests/Info.plist;
				LD_RUNPATH_SEARCH_PATHS = "$(inherited) @executable_path/Frameworks @loader_path/Frameworks";
				PRODUCT_BUNDLE_IDENTIFIER = com.trigma.loopedUITests;
				PRODUCT_NAME = "$(TARGET_NAME)";
				SWIFT_VERSION = 3.0;
				TEST_TARGET_NAME = looped;
			};
			name = Release;
		};
/* End XCBuildConfiguration section */

/* Begin XCConfigurationList section */
		2336E4A61DB4964000FCBCD1 /* Build configuration list for PBXProject "looped" */ = {
			isa = XCConfigurationList;
			buildConfigurations = (
				2336E4D41DB4964100FCBCD1 /* Debug */,
				2336E4D51DB4964100FCBCD1 /* Release */,
			);
			defaultConfigurationIsVisible = 0;
			defaultConfigurationName = Release;
		};
		2336E4D61DB4964100FCBCD1 /* Build configuration list for PBXNativeTarget "looped" */ = {
			isa = XCConfigurationList;
			buildConfigurations = (
				2336E4D71DB4964100FCBCD1 /* Debug */,
				2336E4D81DB4964100FCBCD1 /* Release */,
			);
			defaultConfigurationIsVisible = 0;
			defaultConfigurationName = Release;
		};
		2336E4D91DB4964100FCBCD1 /* Build configuration list for PBXNativeTarget "loopedTests" */ = {
			isa = XCConfigurationList;
			buildConfigurations = (
				2336E4DA1DB4964100FCBCD1 /* Debug */,
				2336E4DB1DB4964100FCBCD1 /* Release */,
			);
			defaultConfigurationIsVisible = 0;
			defaultConfigurationName = Release;
		};
		2336E4DC1DB4964100FCBCD1 /* Build configuration list for PBXNativeTarget "loopedUITests" */ = {
			isa = XCConfigurationList;
			buildConfigurations = (
				2336E4DD1DB4964100FCBCD1 /* Debug */,
				2336E4DE1DB4964100FCBCD1 /* Release */,
			);
			defaultConfigurationIsVisible = 0;
			defaultConfigurationName = Release;
		};
/* End XCConfigurationList section */

/* Begin XCVersionGroup section */
		2336E4B51DB4964100FCBCD1 /* looped.xcdatamodeld */ = {
			isa = XCVersionGroup;
			children = (
				2336E4B61DB4964100FCBCD1 /* looped.xcdatamodel */,
			);
			currentVersion = 2336E4B61DB4964100FCBCD1 /* looped.xcdatamodel */;
			path = looped.xcdatamodeld;
			sourceTree = "<group>";
			versionGroupType = wrapper.xcdatamodel;
		};
/* End XCVersionGroup section */
	};
	rootObject = 2336E4A31DB4964000FCBCD1 /* Project object */;
}
